// !$*UTF8*$!
{
	archiveVersion = 1;
	classes = {
	};
	objectVersion = 46;
	objects = {

/* Begin PBXBuildFile section */
		1BF0660B1D91115A00BEDF03 /* main.m in Sources */ = {isa = PBXBuildFile; fileRef = 1BF0660A1D91115A00BEDF03 /* main.m */; };
		1BF0660E1D91115A00BEDF03 /* AppDelegate.m in Sources */ = {isa = PBXBuildFile; fileRef = 1BF0660D1D91115A00BEDF03 /* AppDelegate.m */; };
		1BF066161D91115A00BEDF03 /* Assets.xcassets in Resources */ = {isa = PBXBuildFile; fileRef = 1BF066151D91115A00BEDF03 /* Assets.xcassets */; };
		1BF066191D91115A00BEDF03 /* LaunchScreen.storyboard in Resources */ = {isa = PBXBuildFile; fileRef = 1BF066171D91115A00BEDF03 /* LaunchScreen.storyboard */; };
		1BF066341D91116800BEDF03 /* SocketIO.m in Sources */ = {isa = PBXBuildFile; fileRef = 1BF066221D91116800BEDF03 /* SocketIO.m */; };
		1BF066351D91116800BEDF03 /* SocketIOJSONSerialization.m in Sources */ = {isa = PBXBuildFile; fileRef = 1BF066241D91116800BEDF03 /* SocketIOJSONSerialization.m */; };
		1BF066361D91116800BEDF03 /* SocketIOPacket.m in Sources */ = {isa = PBXBuildFile; fileRef = 1BF066261D91116800BEDF03 /* SocketIOPacket.m */; };
		1BF066371D91116800BEDF03 /* SocketIOTransportWebsocket.m in Sources */ = {isa = PBXBuildFile; fileRef = 1BF066291D91116800BEDF03 /* SocketIOTransportWebsocket.m */; };
		1BF066381D91116800BEDF03 /* SocketIOTransportXHR.m in Sources */ = {isa = PBXBuildFile; fileRef = 1BF0662B1D91116800BEDF03 /* SocketIOTransportXHR.m */; };
		1BF066391D91116800BEDF03 /* base64.c in Sources */ = {isa = PBXBuildFile; fileRef = 1BF0662D1D91116800BEDF03 /* base64.c */; };
		1BF0663A1D91116800BEDF03 /* NSData+SRB64Additions.m in Sources */ = {isa = PBXBuildFile; fileRef = 1BF066301D91116800BEDF03 /* NSData+SRB64Additions.m */; };
		1BF0663B1D91116800BEDF03 /* SRWebSocket.m in Sources */ = {isa = PBXBuildFile; fileRef = 1BF066331D91116800BEDF03 /* SRWebSocket.m */; };
		1BF0663D1D9111A600BEDF03 /* CFNetwork.framework in Frameworks */ = {isa = PBXBuildFile; fileRef = 1BF0663C1D9111A600BEDF03 /* CFNetwork.framework */; };
		1BF0663F1D9111AB00BEDF03 /* Security.framework in Frameworks */ = {isa = PBXBuildFile; fileRef = 1BF0663E1D9111AB00BEDF03 /* Security.framework */; };
		1BF066411D9111B500BEDF03 /* libicucore.tbd in Frameworks */ = {isa = PBXBuildFile; fileRef = 1BF066401D9111B500BEDF03 /* libicucore.tbd */; };
		1BF066431D9111BB00BEDF03 /* Foundation.framework in Frameworks */ = {isa = PBXBuildFile; fileRef = 1BF066421D9111BB00BEDF03 /* Foundation.framework */; };
		1BF066461D91162800BEDF03 /* ChatViewController.m in Sources */ = {isa = PBXBuildFile; fileRef = 1BF066451D91162800BEDF03 /* ChatViewController.m */; };
/* End PBXBuildFile section */

/* Begin PBXFileReference section */
		1BF066061D91115A00BEDF03 /* Socket.ioDemo.app */ = {isa = PBXFileReference; explicitFileType = wrapper.application; includeInIndex = 0; path = Socket.ioDemo.app; sourceTree = BUILT_PRODUCTS_DIR; };
		1BF0660A1D91115A00BEDF03 /* main.m */ = {isa = PBXFileReference; lastKnownFileType = sourcecode.c.objc; path = main.m; sourceTree = "<group>"; };
		1BF0660C1D91115A00BEDF03 /* AppDelegate.h */ = {isa = PBXFileReference; lastKnownFileType = sourcecode.c.h; path = AppDelegate.h; sourceTree = "<group>"; };
		1BF0660D1D91115A00BEDF03 /* AppDelegate.m */ = {isa = PBXFileReference; lastKnownFileType = sourcecode.c.objc; path = AppDelegate.m; sourceTree = "<group>"; };
		1BF066151D91115A00BEDF03 /* Assets.xcassets */ = {isa = PBXFileReference; lastKnownFileType = folder.assetcatalog; path = Assets.xcassets; sourceTree = "<group>"; };
		1BF066181D91115A00BEDF03 /* Base */ = {isa = PBXFileReference; lastKnownFileType = file.storyboard; name = Base; path = Base.lproj/LaunchScreen.storyboard; sourceTree = "<group>"; };
		1BF0661A1D91115A00BEDF03 /* Info.plist */ = {isa = PBXFileReference; lastKnownFileType = text.plist.xml; path = Info.plist; sourceTree = "<group>"; };
		1BF066211D91116800BEDF03 /* SocketIO.h */ = {isa = PBXFileReference; fileEncoding = 4; lastKnownFileType = sourcecode.c.h; path = SocketIO.h; sourceTree = "<group>"; };
		1BF066221D91116800BEDF03 /* SocketIO.m */ = {isa = PBXFileReference; fileEncoding = 4; lastKnownFileType = sourcecode.c.objc; path = SocketIO.m; sourceTree = "<group>"; };
		1BF066231D91116800BEDF03 /* SocketIOJSONSerialization.h */ = {isa = PBXFileReference; fileEncoding = 4; lastKnownFileType = sourcecode.c.h; path = SocketIOJSONSerialization.h; sourceTree = "<group>"; };
		1BF066241D91116800BEDF03 /* SocketIOJSONSerialization.m */ = {isa = PBXFileReference; fileEncoding = 4; lastKnownFileType = sourcecode.c.objc; path = SocketIOJSONSerialization.m; sourceTree = "<group>"; };
		1BF066251D91116800BEDF03 /* SocketIOPacket.h */ = {isa = PBXFileReference; fileEncoding = 4; lastKnownFileType = sourcecode.c.h; path = SocketIOPacket.h; sourceTree = "<group>"; };
		1BF066261D91116800BEDF03 /* SocketIOPacket.m */ = {isa = PBXFileReference; fileEncoding = 4; lastKnownFileType = sourcecode.c.objc; path = SocketIOPacket.m; sourceTree = "<group>"; };
		1BF066271D91116800BEDF03 /* SocketIOTransport.h */ = {isa = PBXFileReference; fileEncoding = 4; lastKnownFileType = sourcecode.c.h; path = SocketIOTransport.h; sourceTree = "<group>"; };
		1BF066281D91116800BEDF03 /* SocketIOTransportWebsocket.h */ = {isa = PBXFileReference; fileEncoding = 4; lastKnownFileType = sourcecode.c.h; path = SocketIOTransportWebsocket.h; sourceTree = "<group>"; };
		1BF066291D91116800BEDF03 /* SocketIOTransportWebsocket.m */ = {isa = PBXFileReference; fileEncoding = 4; lastKnownFileType = sourcecode.c.objc; path = SocketIOTransportWebsocket.m; sourceTree = "<group>"; };
		1BF0662A1D91116800BEDF03 /* SocketIOTransportXHR.h */ = {isa = PBXFileReference; fileEncoding = 4; lastKnownFileType = sourcecode.c.h; path = SocketIOTransportXHR.h; sourceTree = "<group>"; };
		1BF0662B1D91116800BEDF03 /* SocketIOTransportXHR.m */ = {isa = PBXFileReference; fileEncoding = 4; lastKnownFileType = sourcecode.c.objc; path = SocketIOTransportXHR.m; sourceTree = "<group>"; };
		1BF0662D1D91116800BEDF03 /* base64.c */ = {isa = PBXFileReference; fileEncoding = 4; lastKnownFileType = sourcecode.c.c; path = base64.c; sourceTree = "<group>"; };
		1BF0662E1D91116800BEDF03 /* base64.h */ = {isa = PBXFileReference; fileEncoding = 4; lastKnownFileType = sourcecode.c.h; path = base64.h; sourceTree = "<group>"; };
		1BF0662F1D91116800BEDF03 /* NSData+SRB64Additions.h */ = {isa = PBXFileReference; fileEncoding = 4; lastKnownFileType = sourcecode.c.h; path = "NSData+SRB64Additions.h"; sourceTree = "<group>"; };
		1BF066301D91116800BEDF03 /* NSData+SRB64Additions.m */ = {isa = PBXFileReference; fileEncoding = 4; lastKnownFileType = sourcecode.c.objc; path = "NSData+SRB64Additions.m"; sourceTree = "<group>"; };
		1BF066311D91116800BEDF03 /* SocketRocket-Prefix.pch */ = {isa = PBXFileReference; fileEncoding = 4; lastKnownFileType = sourcecode.c.h; path = "SocketRocket-Prefix.pch"; sourceTree = "<group>"; };
		1BF066321D91116800BEDF03 /* SRWebSocket.h */ = {isa = PBXFileReference; fileEncoding = 4; lastKnownFileType = sourcecode.c.h; path = SRWebSocket.h; sourceTree = "<group>"; };
		1BF066331D91116800BEDF03 /* SRWebSocket.m */ = {isa = PBXFileReference; fileEncoding = 4; lastKnownFileType = sourcecode.c.objc; path = SRWebSocket.m; sourceTree = "<group>"; };
		1BF0663C1D9111A600BEDF03 /* CFNetwork.framework */ = {isa = PBXFileReference; lastKnownFileType = wrapper.framework; name = CFNetwork.framework; path = System/Library/Frameworks/CFNetwork.framework; sourceTree = SDKROOT; };
		1BF0663E1D9111AB00BEDF03 /* Security.framework */ = {isa = PBXFileReference; lastKnownFileType = wrapper.framework; name = Security.framework; path = System/Library/Frameworks/Security.framework; sourceTree = SDKROOT; };
		1BF066401D9111B500BEDF03 /* libicucore.tbd */ = {isa = PBXFileReference; lastKnownFileType = "sourcecode.text-based-dylib-definition"; name = libicucore.tbd; path = usr/lib/libicucore.tbd; sourceTree = SDKROOT; };
		1BF066421D9111BB00BEDF03 /* Foundation.framework */ = {isa = PBXFileReference; lastKnownFileType = wrapper.framework; name = Foundation.framework; path = System/Library/Frameworks/Foundation.framework; sourceTree = SDKROOT; };
		1BF066441D91162800BEDF03 /* ChatViewController.h */ = {isa = PBXFileReference; fileEncoding = 4; lastKnownFileType = sourcecode.c.h; path = ChatViewController.h; sourceTree = "<group>"; };
		1BF066451D91162800BEDF03 /* ChatViewController.m */ = {isa = PBXFileReference; fileEncoding = 4; lastKnownFileType = sourcecode.c.objc; path = ChatViewController.m; sourceTree = "<group>"; };
/* End PBXFileReference section */

/* Begin PBXFrameworksBuildPhase section */
		1BF066031D91115A00BEDF03 /* Frameworks */ = {
			isa = PBXFrameworksBuildPhase;
			buildActionMask = 2147483647;
			files = (
				1BF066431D9111BB00BEDF03 /* Foundation.framework in Frameworks */,
				1BF066411D9111B500BEDF03 /* libicucore.tbd in Frameworks */,
				1BF0663F1D9111AB00BEDF03 /* Security.framework in Frameworks */,
				1BF0663D1D9111A600BEDF03 /* CFNetwork.framework in Frameworks */,
			);
			runOnlyForDeploymentPostprocessing = 0;
		};
/* End PBXFrameworksBuildPhase section */

/* Begin PBXGroup section */
		1BF065FD1D91115A00BEDF03 = {
			isa = PBXGroup;
			children = (
				1BF066421D9111BB00BEDF03 /* Foundation.framework */,
				1BF066401D9111B500BEDF03 /* libicucore.tbd */,
				1BF0663E1D9111AB00BEDF03 /* Security.framework */,
				1BF0663C1D9111A600BEDF03 /* CFNetwork.framework */,
				1BF066081D91115A00BEDF03 /* Socket.ioDemo */,
				1BF066071D91115A00BEDF03 /* Products */,
			);
			sourceTree = "<group>";
		};
		1BF066071D91115A00BEDF03 /* Products */ = {
			isa = PBXGroup;
			children = (
				1BF066061D91115A00BEDF03 /* Socket.ioDemo.app */,
			);
			name = Products;
			sourceTree = "<group>";
		};
		1BF066081D91115A00BEDF03 /* Socket.ioDemo */ = {
			isa = PBXGroup;
			children = (
				1BF066201D91116800BEDF03 /* socket.IO-objc  */,
				1BF0662C1D91116800BEDF03 /* SocketRocket */,
				1BF0660C1D91115A00BEDF03 /* AppDelegate.h */,
				1BF0660D1D91115A00BEDF03 /* AppDelegate.m */,
				1BF066151D91115A00BEDF03 /* Assets.xcassets */,
				1BF066171D91115A00BEDF03 /* LaunchScreen.storyboard */,
				1BF0661A1D91115A00BEDF03 /* Info.plist */,
				1BF066091D91115A00BEDF03 /* Supporting Files */,
				1BF066441D91162800BEDF03 /* ChatViewController.h */,
				1BF066451D91162800BEDF03 /* ChatViewController.m */,
			);
			path = Socket.ioDemo;
			sourceTree = "<group>";
		};
		1BF066091D91115A00BEDF03 /* Supporting Files */ = {
			isa = PBXGroup;
			children = (
				1BF0660A1D91115A00BEDF03 /* main.m */,
			);
			name = "Supporting Files";
			sourceTree = "<group>";
		};
		1BF066201D91116800BEDF03 /* socket.IO-objc  */ = {
			isa = PBXGroup;
			children = (
				1BF066211D91116800BEDF03 /* SocketIO.h */,
				1BF066221D91116800BEDF03 /* SocketIO.m */,
				1BF066231D91116800BEDF03 /* SocketIOJSONSerialization.h */,
				1BF066241D91116800BEDF03 /* SocketIOJSONSerialization.m */,
				1BF066251D91116800BEDF03 /* SocketIOPacket.h */,
				1BF066261D91116800BEDF03 /* SocketIOPacket.m */,
				1BF066271D91116800BEDF03 /* SocketIOTransport.h */,
				1BF066281D91116800BEDF03 /* SocketIOTransportWebsocket.h */,
				1BF066291D91116800BEDF03 /* SocketIOTransportWebsocket.m */,
				1BF0662A1D91116800BEDF03 /* SocketIOTransportXHR.h */,
				1BF0662B1D91116800BEDF03 /* SocketIOTransportXHR.m */,
			);
			path = "socket.IO-objc ";
			sourceTree = "<group>";
		};
		1BF0662C1D91116800BEDF03 /* SocketRocket */ = {
			isa = PBXGroup;
			children = (
				1BF0662D1D91116800BEDF03 /* base64.c */,
				1BF0662E1D91116800BEDF03 /* base64.h */,
				1BF0662F1D91116800BEDF03 /* NSData+SRB64Additions.h */,
				1BF066301D91116800BEDF03 /* NSData+SRB64Additions.m */,
				1BF066311D91116800BEDF03 /* SocketRocket-Prefix.pch */,
				1BF066321D91116800BEDF03 /* SRWebSocket.h */,
				1BF066331D91116800BEDF03 /* SRWebSocket.m */,
			);
			path = SocketRocket;
			sourceTree = "<group>";
		};
/* End PBXGroup section */

/* Begin PBXNativeTarget section */
		1BF066051D91115A00BEDF03 /* Socket.ioDemo */ = {
			isa = PBXNativeTarget;
			buildConfigurationList = 1BF0661D1D91115A00BEDF03 /* Build configuration list for PBXNativeTarget "Socket.ioDemo" */;
			buildPhases = (
				1BF066021D91115A00BEDF03 /* Sources */,
				1BF066031D91115A00BEDF03 /* Frameworks */,
				1BF066041D91115A00BEDF03 /* Resources */,
			);
			buildRules = (
			);
			dependencies = (
			);
			name = Socket.ioDemo;
			productName = Socket.ioDemo;
			productReference = 1BF066061D91115A00BEDF03 /* Socket.ioDemo.app */;
			productType = "com.apple.product-type.application";
		};
/* End PBXNativeTarget section */

/* Begin PBXProject section */
		1BF065FE1D91115A00BEDF03 /* Project object */ = {
			isa = PBXProject;
			attributes = {
				LastUpgradeCheck = 0730;
				ORGANIZATIONNAME = com.lottak;
				TargetAttributes = {
					1BF066051D91115A00BEDF03 = {
						CreatedOnToolsVersion = 7.3.1;
					};
				};
			};
			buildConfigurationList = 1BF066011D91115A00BEDF03 /* Build configuration list for PBXProject "Socket.ioDemo" */;
			compatibilityVersion = "Xcode 3.2";
			developmentRegion = English;
			hasScannedForEncodings = 0;
			knownRegions = (
				en,
				Base,
			);
			mainGroup = 1BF065FD1D91115A00BEDF03;
			productRefGroup = 1BF066071D91115A00BEDF03 /* Products */;
			projectDirPath = "";
			projectRoot = "";
			targets = (
				1BF066051D91115A00BEDF03 /* Socket.ioDemo */,
			);
		};
/* End PBXProject section */

/* Begin PBXResourcesBuildPhase section */
		1BF066041D91115A00BEDF03 /* Resources */ = {
			isa = PBXResourcesBuildPhase;
			buildActionMask = 2147483647;
			files = (
				1BF066191D91115A00BEDF03 /* LaunchScreen.storyboard in Resources */,
				1BF066161D91115A00BEDF03 /* Assets.xcassets in Resources */,
			);
			runOnlyForDeploymentPostprocessing = 0;
		};
/* End PBXResourcesBuildPhase section */

/* Begin PBXSourcesBuildPhase section */
		1BF066021D91115A00BEDF03 /* Sources */ = {
			isa = PBXSourcesBuildPhase;
			buildActionMask = 2147483647;
			files = (
				1BF0663A1D91116800BEDF03 /* NSData+SRB64Additions.m in Sources */,
				1BF066461D91162800BEDF03 /* ChatViewController.m in Sources */,
				1BF066381D91116800BEDF03 /* SocketIOTransportXHR.m in Sources */,
				1BF066371D91116800BEDF03 /* SocketIOTransportWebsocket.m in Sources */,
				1BF0660E1D91115A00BEDF03 /* AppDelegate.m in Sources */,
				1BF0663B1D91116800BEDF03 /* SRWebSocket.m in Sources */,
				1BF066391D91116800BEDF03 /* base64.c in Sources */,
				1BF066361D91116800BEDF03 /* SocketIOPacket.m in Sources */,
				1BF066351D91116800BEDF03 /* SocketIOJSONSerialization.m in Sources */,
				1BF066341D91116800BEDF03 /* SocketIO.m in Sources */,
				1BF0660B1D91115A00BEDF03 /* main.m in Sources */,
			);
			runOnlyForDeploymentPostprocessing = 0;
		};
/* End PBXSourcesBuildPhase section */

/* Begin PBXVariantGroup section */
		1BF066171D91115A00BEDF03 /* LaunchScreen.storyboard */ = {
			isa = PBXVariantGroup;
			children = (
				1BF066181D91115A00BEDF03 /* Base */,
			);
			name = LaunchScreen.storyboard;
			sourceTree = "<group>";
		};
/* End PBXVariantGroup section */

/* Begin XCBuildConfiguration section */
		1BF0661B1D91115A00BEDF03 /* Debug */ = {
			isa = XCBuildConfiguration;
			buildSettings = {
				ALWAYS_SEARCH_USER_PATHS = NO;
				CLANG_ANALYZER_NONNULL = YES;
				CLANG_CXX_LANGUAGE_STANDARD = "gnu++0x";
				CLANG_CXX_LIBRARY = "libc++";
				CLANG_ENABLE_MODULES = YES;
				CLANG_ENABLE_OBJC_ARC = YES;
				CLANG_WARN_BOOL_CONVERSION = YES;
				CLANG_WARN_CONSTANT_CONVERSION = YES;
				CLANG_WARN_DIRECT_OBJC_ISA_USAGE = YES_ERROR;
				CLANG_WARN_EMPTY_BODY = YES;
				CLANG_WARN_ENUM_CONVERSION = YES;
				CLANG_WARN_INT_CONVERSION = YES;
				CLANG_WARN_OBJC_ROOT_CLASS = YES_ERROR;
				CLANG_WARN_UNREACHABLE_CODE = YES;
				CLANG_WARN__DUPLICATE_METHOD_MATCH = YES;
				"CODE_SIGN_IDENTITY[sdk=iphoneos*]" = "iPhone Developer";
				COPY_PHASE_STRIP = NO;
				DEBUG_INFORMATION_FORMAT = dwarf;
				ENABLE_STRICT_OBJC_MSGSEND = YES;
				ENABLE_TESTABILITY = YES;
				GCC_C_LANGUAGE_STANDARD = gnu99;
				GCC_DYNAMIC_NO_PIC = NO;
				GCC_NO_COMMON_BLOCKS = YES;
				GCC_OPTIMIZATION_LEVEL = 0;
				GCC_PREPROCESSOR_DEFINITIONS = (
					"DEBUG=1",
					"$(inherited)",
				);
				GCC_WARN_64_TO_32_BIT_CONVERSION = YES;
				GCC_WARN_ABOUT_RETURN_TYPE = YES_ERROR;
				GCC_WARN_UNDECLARED_SELECTOR = YES;
				GCC_WARN_UNINITIALIZED_AUTOS = YES_AGGRESSIVE;
				GCC_WARN_UNUSED_FUNCTION = YES;
				GCC_WARN_UNUSED_VARIABLE = YES;
				IPHONEOS_DEPLOYMENT_TARGET = 9.3;
				MTL_ENABLE_DEBUG_INFO = YES;
				ONLY_ACTIVE_ARCH = YES;
				SDKROOT = iphoneos;
			};
			name = Debug;
		};
		1BF0661C1D91115A00BEDF03 /* Release */ = {
			isa = XCBuildConfiguration;
			buildSettings = {
				ALWAYS_SEARCH_USER_PATHS = NO;
				CLANG_ANALYZER_NONNULL = YES;
				CLANG_CXX_LANGUAGE_STANDARD = "gnu++0x";
				CLANG_CXX_LIBRARY = "libc++";
				CLANG_ENABLE_MODULES = YES;
				CLANG_ENABLE_OBJC_ARC = YES;
				CLANG_WARN_BOOL_CONVERSION = YES;
				CLANG_WARN_CONSTANT_CONVERSION = YES;
				CLANG_WARN_DIRECT_OBJC_ISA_USAGE = YES_ERROR;
				CLANG_WARN_EMPTY_BODY = YES;
				CLANG_WARN_ENUM_CONVERSION = YES;
				CLANG_WARN_INT_CONVERSION = YES;
				CLANG_WARN_OBJC_ROOT_CLASS = YES_ERROR;
				CLANG_WARN_UNREACHABLE_CODE = YES;
				CLANG_WARN__DUPLICATE_METHOD_MATCH = YES;
				"CODE_SIGN_IDENTITY[sdk=iphoneos*]" = "iPhone Developer";
				COPY_PHASE_STRIP = NO;
				DEBUG_INFORMATION_FORMAT = "dwarf-with-dsym";
				ENABLE_NS_ASSERTIONS = NO;
				ENABLE_STRICT_OBJC_MSGSEND = YES;
				GCC_C_LANGUAGE_STANDARD = gnu99;
				GCC_NO_COMMON_BLOCKS = YES;
				GCC_WARN_64_TO_32_BIT_CONVERSION = YES;
				GCC_WARN_ABOUT_RETURN_TYPE = YES_ERROR;
				GCC_WARN_UNDECLARED_SELECTOR = YES;
				GCC_WARN_UNINITIALIZED_AUTOS = YES_AGGRESSIVE;
				GCC_WARN_UNUSED_FUNCTION = YES;
				GCC_WARN_UNUSED_VARIABLE = YES;
				IPHONEOS_DEPLOYMENT_TARGET = 9.3;
				MTL_ENABLE_DEBUG_INFO = NO;
				SDKROOT = iphoneos;
				VALIDATE_PRODUCT = YES;
			};
			name = Release;
		};
		1BF0661E1D91115A00BEDF03 /* Debug */ = {
			isa = XCBuildConfiguration;
			buildSettings = {
				ASSETCATALOG_COMPILER_APPICON_NAME = AppIcon;
				INFOPLIST_FILE = Socket.ioDemo/Info.plist;
				IPHONEOS_DEPLOYMENT_TARGET = 8.0;
				LD_RUNPATH_SEARCH_PATHS = "$(inherited) @executable_path/Frameworks";
				PRODUCT_BUNDLE_IDENTIFIER = "com.lottak.Socket-ioDemo";
				PRODUCT_NAME = "$(TARGET_NAME)";
			};
			name = Debug;
		};
		1BF0661F1D91115A00BEDF03 /* Release */ = {
			isa = XCBuildConfiguration;
			buildSettings = {
				ASSETCATALOG_COMPILER_APPICON_NAME = AppIcon;
				INFOPLIST_FILE = Socket.ioDemo/Info.plist;
				IPHONEOS_DEPLOYMENT_TARGET = 8.0;
				LD_RUNPATH_SEARCH_PATHS = "$(inherited) @executable_path/Frameworks";
				PRODUCT_BUNDLE_IDENTIFIER = "com.lottak.Socket-ioDemo";
				PRODUCT_NAME = "$(TARGET_NAME)";
			};
			name = Release;
		};
/* End XCBuildConfiguration section */

/* Begin XCConfigurationList section */
		1BF066011D91115A00BEDF03 /* Build configuration list for PBXProject "Socket.ioDemo" */ = {
			isa = XCConfigurationList;
			buildConfigurations = (
				1BF0661B1D91115A00BEDF03 /* Debug */,
				1BF0661C1D91115A00BEDF03 /* Release */,
			);
			defaultConfigurationIsVisible = 0;
			defaultConfigurationName = Release;
		};
		1BF0661D1D91115A00BEDF03 /* Build configuration list for PBXNativeTarget "Socket.ioDemo" */ = {
			isa = XCConfigurationList;
			buildConfigurations = (
				1BF0661E1D91115A00BEDF03 /* Debug */,
				1BF0661F1D91115A00BEDF03 /* Release */,
			);
			defaultConfigurationIsVisible = 0;
		};
/* End XCConfigurationList section */
	};
	rootObject = 1BF065FE1D91115A00BEDF03 /* Project object */;
}
